
Microsoft Visual Studio Solution File, Format Version 12.00
# Visual Studio Version 16
VisualStudioVersion = 25.0.1705.2
MinimumVisualStudioVersion = 10.0.40219.1
Project("{FAE04EC0-301F-11D3-BF4B-00C04F79EFBC}") = "QSearch", "QSearch.csproj", "{4F2121BF-A3A1-4E6C-A2C1-FC2AF4320D83}"
EndProject
Global
	GlobalSection(SolutionConfigurationPlatforms) = preSolution
		Debug|Any CPU = Debug|Any CPU
		Release|Any CPU = Release|Any CPU
	EndGlobalSection
	GlobalSection(ProjectConfigurationPlatforms) = postSolution
		{4F2121BF-A3A1-4E6C-A2C1-FC2AF4320D83}.Debug|Any CPU.ActiveCfg = Debug|Any CPU
		{4F2121BF-A3A1-4E6C-A2C1-FC2AF4320D83}.Debug|Any CPU.Build.0 = Debug|Any CPU
		{4F2121BF-A3A1-4E6C-A2C1-FC2AF4320D83}.Release|Any CPU.ActiveCfg = Release|Any CPU
		{4F2121BF-A3A1-4E6C-A2C1-FC2AF4320D83}.Release|Any CPU.Build.0 = Release|Any CPU
	EndGlobalSection
	GlobalSection(SolutionProperties) = preSolution
		HideSolutionNode = FALSE
	EndGlobalSection
	GlobalSection(ExtensibilityGlobals) = postSolution
		SolutionGuid = {0FD4A43C-7181-414E-9042-7720812FA069}
	EndGlobalSection
EndGlobal
