
Microsoft Visual Studio Solution File, Format Version 12.00
# Visual Studio Version 18
VisualStudioVersion = 18.4.11612.150
MinimumVisualStudioVersion = 10.0.40219.1
Project("{9A19103F-16F7-4668-BE54-9A1E7A4F7556}") = "QSearch", "QSearch\QSearch.csproj", "{3C5FEA0A-1510-440A-8EFE-58F884CAC86E}"
EndProject
Global
	GlobalSection(SolutionConfigurationPlatforms) = preSolution
		Debug|Any CPU = Debug|Any CPU
		Debug|ARM = Debug|ARM
		Debug|ARM64 = Debug|ARM64
		Debug|x64 = Debug|x64
		Debug|x86 = Debug|x86
		Release|Any CPU = Release|Any CPU
		Release|ARM = Release|ARM
		Release|ARM64 = Release|ARM64
		Release|x64 = Release|x64
		Release|x86 = Release|x86
	EndGlobalSection
	GlobalSection(ProjectConfigurationPlatforms) = postSolution
		{3C5FEA0A-1510-440A-8EFE-58F884CAC86E}.Debug|Any CPU.ActiveCfg = Debug|Any CPU
		{3C5FEA0A-1510-440A-8EFE-58F884CAC86E}.Debug|Any CPU.Build.0 = Debug|Any CPU
		{3C5FEA0A-1510-440A-8EFE-58F884CAC86E}.Debug|Any CPU.Deploy.0 = Debug|Any CPU
		{3C5FEA0A-1510-440A-8EFE-58F884CAC86E}.Debug|ARM.ActiveCfg = Debug|Any CPU
		{3C5FEA0A-1510-440A-8EFE-58F884CAC86E}.Debug|ARM.Build.0 = Debug|Any CPU
		{3C5FEA0A-1510-440A-8EFE-58F884CAC86E}.Debug|ARM.Deploy.0 = Debug|Any CPU
		{3C5FEA0A-1510-440A-8EFE-58F884CAC86E}.Debug|ARM64.ActiveCfg = Debug|Any CPU
		{3C5FEA0A-1510-440A-8EFE-58F884CAC86E}.Debug|ARM64.Build.0 = Debug|Any CPU
		{3C5FEA0A-1510-440A-8EFE-58F884CAC86E}.Debug|ARM64.Deploy.0 = Debug|Any CPU
		{3C5FEA0A-1510-440A-8EFE-58F884CAC86E}.Debug|x64.ActiveCfg = Debug|Any CPU
		{3C5FEA0A-1510-440A-8EFE-58F884CAC86E}.Debug|x64.Build.0 = Debug|Any CPU
		{3C5FEA0A-1510-440A-8EFE-58F884CAC86E}.Debug|x64.Deploy.0 = Debug|Any CPU
		{3C5FEA0A-1510-440A-8EFE-58F884CAC86E}.Debug|x86.ActiveCfg = Debug|Any CPU
		{3C5FEA0A-1510-440A-8EFE-58F884CAC86E}.Debug|x86.Build.0 = Debug|Any CPU
		{3C5FEA0A-1510-440A-8EFE-58F884CAC86E}.Debug|x86.Deploy.0 = Debug|Any CPU
		{3C5FEA0A-1510-440A-8EFE-58F884CAC86E}.Release|Any CPU.ActiveCfg = Release|Any CPU
		{3C5FEA0A-1510-440A-8EFE-58F884CAC86E}.Release|Any CPU.Build.0 = Release|Any CPU
		{3C5FEA0A-1510-440A-8EFE-58F884CAC86E}.Release|Any CPU.Deploy.0 = Release|Any CPU
		{3C5FEA0A-1510-440A-8EFE-58F884CAC86E}.Release|ARM.ActiveCfg = Release|Any CPU
		{3C5FEA0A-1510-440A-8EFE-58F884CAC86E}.Release|ARM.Build.0 = Release|Any CPU
		{3C5FEA0A-1510-440A-8EFE-58F884CAC86E}.Release|ARM.Deploy.0 = Release|Any CPU
		{3C5FEA0A-1510-440A-8EFE-58F884CAC86E}.Release|ARM64.ActiveCfg = Release|Any CPU
		{3C5FEA0A-1510-440A-8EFE-58F884CAC86E}.Release|ARM64.Build.0 = Release|Any CPU
		{3C5FEA0A-1510-440A-8EFE-58F884CAC86E}.Release|ARM64.Deploy.0 = Release|Any CPU
		{3C5FEA0A-1510-440A-8EFE-58F884CAC86E}.Release|x64.ActiveCfg = Release|Any CPU
		{3C5FEA0A-1510-440A-8EFE-58F884CAC86E}.Release|x64.Build.0 = Release|Any CPU
		{3C5FEA0A-1510-440A-8EFE-58F884CAC86E}.Release|x64.Deploy.0 = Release|Any CPU
		{3C5FEA0A-1510-440A-8EFE-58F884CAC86E}.Release|x86.ActiveCfg = Release|Any CPU
		{3C5FEA0A-1510-440A-8EFE-58F884CAC86E}.Release|x86.Build.0 = Release|Any CPU
		{3C5FEA0A-1510-440A-8EFE-58F884CAC86E}.Release|x86.Deploy.0 = Release|Any CPU
	EndGlobalSection
	GlobalSection(SolutionProperties) = preSolution
		HideSolutionNode = FALSE
	EndGlobalSection
	GlobalSection(ExtensibilityGlobals) = postSolution
		SolutionGuid = {61F7FB11-1E47-470C-91E2-47F8143E1572}
	EndGlobalSection
	GlobalSection(MonoDevelopProperties) = preSolution
		Policies = $0
		$0.DotNetNamingPolicy = $1
		$1.DirectoryNamespaceAssociation = PrefixedHierarchical
		$0.TextStylePolicy = $12
		$2.inheritsSet = null
		$2.scope = application/manifest+xml
		$0.XmlFormattingPolicy = $9
		$3.inheritsSet = null
		$3.scope = application/manifest+xml
		$0.StandardHeader = $4
		$5.inheritsSet = null
		$5.scope = text/x-csharp
		$0.CSharpFormattingPolicy = $6
		$6.scope = text/x-csharp
		$7.FileWidth = 80
		$7.TabsToSpaces = True
		$7.scope = text/plain
		$8.inheritsSet = null
		$8.scope = application/xml
		$9.scope = application/xml
		$10.inheritsSet = null
		$10.scope = text/x-html
		$11.inheritsSet = null
		$11.scope = text/x-web
		$12.inheritsSet = null
		$12.scope = text/x-vs
		description = "Search the Quran by English words. "
		version = 1.0
	EndGlobalSection
EndGlobal
